{
  "_meta": {
    "hash": {
      "sha256": "f46485afcb26b93056668ea6145c8a3e033dabdf020b4c6e89f1096058aa0c59"
    },
    "pipfile-spec": 6,
    "requires": {},
    "sources": [
      {
        "name": "pypi",
        "url": "https://pypi.org/simple",
        "verify_ssl": true
      }
    ]
  },
  "default": {
    "confluent-kafka": {
      "hashes": [
        "sha256:01737c71c4596ef588b60ee1a1c56b64d8fd04169e3d5545ed31e08a530e00df",
        "sha256:16736eb9a65c2ca5ddb7200254d7a97c2b59eb3ef4f985ed319e583cb7abc0e6",
        "sha256:1c84038b2c515b27b14ab2d44b3f5c6ea7eeb848bfe755f5083c58edc60867af",
        "sha256:228722c35efa27cafe30bb7236c8acf699b9a07deb8df011f7d8e975715b77f6",
        "sha256:342299cd49c0af395bfaf0da5acfc1509081064429f809deb77754999ade8757",
        "sha256:36f3942527100646b8dcc32b59ae03d34b36df96a2fa66b3d91a10e8fcf3002f",
        "sha256:442186d9d6eca9c7a9d019a782645aeb210f1eb0dc85235ba60cd2f15ef89292",
        "sha256:4dcb171ebed381f2f8b3dd0827d10398097dba346b5170a42501065bee075444",
        "sha256:50d2300dad99f354b316660595eb461567e253fbb314848974542c58c04a7666",
        "sha256:5505d42ad10fde01f0a7254c6e7e2348b0b9dc26be95bea7ad203bcea3ece201",
        "sha256:6f9a99de81028fa687499f2f335374b0ee2366a970bc0664637ab346a1b77a11",
        "sha256:76e1922ada8da7ee654892f2364e9b30730fba9154868cec1017d791134bedf7",
        "sha256:790decee83bd0a15dc6b65a87703c156d63fde51b6b5c1c086cca13ee9300e8f",
        "sha256:7cd66710c8552e83d09b60cf699309d47f749289b10379ad3ed01d1b5114b461",
        "sha256:7eae7288fc28a8cd9ce5b758530ab2690c6ba15141c9192bc65774a2a7148432",
        "sha256:88fbbf7c27db4770a2d5b26795608cf2a6b672811cbe337f81ca82fe7011586d",
        "sha256:9857da6a911e7beae5e11acc8a494e95dabd4348c78a26b32b9ac98142b368da",
        "sha256:98ba297342d33c87775abbb9403f4759b9d48c34f84020973ddb8a8b785bfde1",
        "sha256:a2634c2de4b8cfdce9963723023658190edf7d8fddd3f4aa2eda448941654bd6",
        "sha256:ab5ddd32c4bcf7d5fecf71a455b5525825d907b86cdab9594bad33a1e342360d",
        "sha256:b25399b3e8bada06134b5a38f24ca70acf1524e70a6290c34a709b28b29ec284",
        "sha256:b809a9ddd35492b1c24487925dbc4b3cf4f392bf8856584d49b6b5a674fd0776",
        "sha256:bcb2da981e8713c900ab9903226167878f5731fcf33a3551ddb0614db88d1fcf",
        "sha256:dd003e54b251e8e7300e808175d21c8ab9039c9633a6fd87fb99301d94f7d2bc",
        "sha256:ddbd51a8429815ea5194d1d72881604836c6ea037cba79bf7440b2d4098ac7b0",
        "sha256:e809dbe2cd3b934247d2c1e22736798150769e51415ea65d28ba496fcec22a7d"
      ],
      "index": "pypi",
      "version": "==1.0.1"
    },
    "gevent": {
      "hashes": [
        "sha256:018677cd18b9e8f20d118fc425ffde9b7ce281aa39d66a9b689153bfaa40661d",
        "sha256:0835990d528f1b613df99816b409d4916dee487e87289837375a49772e748a29",
        "sha256:09120f9c75af384f8ac65b8459e033fd99ab5fd665b3c01e3a2470c39c3cf60b",
        "sha256:0bd38a07e723f5a7feea267a3cf7a19db65583552b5d2960050df1208e396f2b",
        "sha256:1141c62acee22328436cb09a7e1bcc6f652e88cf913d5de1066b38b6af7e221d",
        "sha256:17a9686ed963c7f0d370bc096b0c91e19d99f2e04f65a5de2695577e1071d887",
        "sha256:1acf2cb1b8c3c34f53397d7e5a1f883b1697fc5fd49789887583c3121332bdca",
        "sha256:34d2d1dfade0f83f8938f69c981f1b281a8756d6cabcc60daa1ee3f3f1f1e5f2",
        "sha256:63d9deb376144836e760207c2d7cd009b3b6a2e01f3634dcfc07d9d3b396cfe4",
        "sha256:66f87af4894de2f2a739776737b47088770554003ddcf706ce8567d2e48a1c78",
        "sha256:6c08d260cae5b28d6a8d3a26e2a8759e65b1585877ce218f5140f465b0c6f846",
        "sha256:76d3a9575c86c3f6d865d2688adb6bf6eb43bb9dd90136224c746535137133eb",
        "sha256:80a6da1437e3b6afe197477bbf80c7d0a6efa3265f99c3064e2a17d811485a9f",
        "sha256:8fa234dadacf8e1920c088bd7ee2220a2a5e45f098b6f603995bb3e4bb27877a",
        "sha256:9b324d004229e438f8c0cbe7617c06acaf6c9d9df400615249f39704d0fbb5c7",
        "sha256:b3b17b3e41d7f531d30d1461deccb346bba7a54f09a7f4a1686abf6c2731acb6",
        "sha256:c3afebb579423081b29a800d65838fe79292f7adf85e72f0734bd628bffbf624",
        "sha256:c59a7e837023db0b1c69a22820732d49f52cdb9a18c2d828cfce09f8dacd9f7d",
        "sha256:de2bed77aca19ad915293a916c67cff8eb36e3616828d91e2ed4cc16f1d9f967",
        "sha256:df9c99c4e23e795f342b9bb489f209f569fb549095b7b3ca1b31bd2c6a2106d7"
      ],
      "index": "pypi",
      "version": "==1.5a1"
    },
    "greenlet": {
      "hashes": [
        "sha256:000546ad01e6389e98626c1367be58efa613fa82a1be98b0c6fc24b563acc6d0",
        "sha256:0d48200bc50cbf498716712129eef819b1729339e34c3ae71656964dac907c28",
        "sha256:23d12eacffa9d0f290c0fe0c4e81ba6d5f3a5b7ac3c30a5eaf0126bf4deda5c8",
        "sha256:37c9ba82bd82eb6a23c2e5acc03055c0e45697253b2393c9a50cef76a3985304",
        "sha256:51503524dd6f152ab4ad1fbd168fc6c30b5795e8c70be4410a64940b3abb55c0",
        "sha256:8041e2de00e745c0e05a502d6e6db310db7faa7c979b3a5877123548a4c0b214",
        "sha256:81fcd96a275209ef117e9ec91f75c731fa18dcfd9ffaa1c0adbdaa3616a86043",
        "sha256:853da4f9563d982e4121fed8c92eea1a4594a2299037b3034c3c898cb8e933d6",
        "sha256:8b4572c334593d449113f9dc8d19b93b7b271bdbe90ba7509eb178923327b625",
        "sha256:9416443e219356e3c31f1f918a91badf2e37acf297e2fa13d24d1cc2380f8fbc",
        "sha256:9854f612e1b59ec66804931df5add3b2d5ef0067748ea29dc60f0efdcda9a638",
        "sha256:99a26afdb82ea83a265137a398f570402aa1f2b5dfb4ac3300c026931817b163",
        "sha256:a19bf883b3384957e4a4a13e6bd1ae3d85ae87f4beb5957e35b0be287f12f4e4",
        "sha256:a9f145660588187ff835c55a7d2ddf6abfc570c2651c276d3d4be8a2766db490",
        "sha256:ac57fcdcfb0b73bb3203b58a14501abb7e5ff9ea5e2edfa06bb03035f0cff248",
        "sha256:bcb530089ff24f6458a81ac3fa699e8c00194208a724b644ecc68422e1111939",
        "sha256:beeabe25c3b704f7d56b573f7d2ff88fc99f0138e43480cecdfcaa3b87fe4f87",
        "sha256:d634a7ea1fc3380ff96f9e44d8d22f38418c1c381d5fac680b272d7d90883720",
        "sha256:d97b0661e1aead761f0ded3b769044bb00ed5d33e1ec865e891a8b128bf7c656"
      ],
      "markers": "platform_python_implementation == 'CPython'",
      "version": "==0.4.15"
    },
    "kazoo": {
      "hashes": [
        "sha256:322c0dfa7e3a91ce217d01cb954fe3bffbc9b412c3eec7d5f800412b5145773e",
        "sha256:4a73c2c62a7163ca1c4aef82aa042d795560497cc81034f212ef13cc037cc783"
      ],
      "index": "pypi",
      "version": "==2.6.1"
    },
    "six": {
      "hashes": [
        "sha256:3350809f0555b11f552448330d0b52d5f24c91a322ea4a15ef22629740f3761c",
        "sha256:d16a0141ec1a18405cd4ce8b4613101da75da0e9a7aec5bdd4fa804d0e0eba73"
      ],
      "version": "==1.12.0"
    },
    "ujson": {
      "hashes": [
        "sha256:f66073e5506e91d204ab0c614a148d5aa938bdbf104751be66f8ad7a222f5f86"
      ],
      "index": "pypi",
      "version": "==1.35"
    }
  },
  "develop": {
    "appdirs": {
      "hashes": [
        "sha256:9e5896d1372858f8dd3344faf4e5014d21849c756c8d5701f78f8a103b372d92",
        "sha256:d8b24664561d0d34ddfaec54636d502d7cea6e29c3eaf68f3df6180863e2166e"
      ],
      "version": "==1.4.3"
    },
    "aspy.yaml": {
      "hashes": [
        "sha256:463372c043f70160a9ec950c3f1e4c3a82db5fca01d334b6bc89c7164d744bdc",
        "sha256:e7c742382eff2caed61f87a39d13f99109088e5e93f04d76eb8d4b28aa143f45"
      ],
      "version": "==1.3.0"
    },
    "atomicwrites": {
      "hashes": [
        "sha256:03472c30eb2c5d1ba9227e4c2ca66ab8287fbfbbda3888aa93dc2e28fc6811b4",
        "sha256:75a9445bac02d8d058d5e1fe689654ba5a6556a1dfd8ce6ec55a0ed79866cfa6"
      ],
      "version": "==1.3.0"
    },
    "attrs": {
      "hashes": [
        "sha256:69c0dbf2ed392de1cb5ec704444b08a5ef81680a61cb899dc08127123af36a79",
        "sha256:f0b870f674851ecbfbbbd364d6b5cbdff9dcedbc7f3f5e18a6891057f21fe399"
      ],
      "version": "==19.1.0"
    },
    "black": {
      "hashes": [
        "sha256:09a9dcb7c46ed496a9850b76e4e825d6049ecd38b611f1224857a79bd985a8cf",
        "sha256:68950ffd4d9169716bcb8719a56c07a2f4485354fec061cdd5910aa07369731c"
      ],
      "index": "pypi",
      "version": "==19.3b0"
    },
    "cfgv": {
      "hashes": [
        "sha256:edb387943b665bf9c434f717bf630fa78aecd53d5900d2e05da6ad6048553144",
        "sha256:fbd93c9ab0a523bf7daec408f3be2ed99a980e20b2d19b50fc184ca6b820d289"
      ],
      "version": "==2.0.1"
    },
    "click": {
      "hashes": [
        "sha256:2335065e6395b9e67ca716de5f7526736bfa6ceead690adf616d925bdc622b13",
        "sha256:5b94b49521f6456670fdb30cd82a4eca9412788a93fa6dd6df72c94d5a8ff2d7"
      ],
      "version": "==7.0"
    },
    "coverage": {
      "hashes": [
        "sha256:108efa19b676e62590a7a13084098e35183479c0d9608131c20b0921c5a72dc0",
        "sha256:16fe3ef881eff27bab287f91dadb4ff0ce4388b9e928d84cbf148a83cc70b3a1",
        "sha256:1d0bbc11421827d1100da82ac8dc929532b97ad464038475a0f6505cbf83d6ea",
        "sha256:23a8ca5b3c9673f775cc151e85a737f1a967df2ec02b09e8c5a3b606ff2050bf",
        "sha256:24b890e51455276762b55cb06fa1c922066e8fc18d1deb1a6399b4d24dfa8ea2",
        "sha256:2f0041757ca4801f3c6a74d1660862fdb18a25aea302dd0ce9b067ddbb06b667",
        "sha256:3169aba03baddfccdab7cc04cf0878dbf76fc06d300bc35639129a6b794d6484",
        "sha256:364fb1bf0f999af2e7f4b1a1e614b2af8c3e0017d11af716aad25f911b7cd0c7",
        "sha256:5256856d23f3e45959e7e3a8f9d4cbad3d1613e5660cb8117cd1417798efc395",
        "sha256:5b26daa1e1a1147455bf62cd682e504e68f1d1e04235374d50a5248a3c792b1c",
        "sha256:60247c8f0c756732e2cfe21f03e6847b923b9a9eaff61f04dc64d3047ec1b669",
        "sha256:6463d51507308eb3973340d903537f17ece2ee1e6513aa0c27548fc3a09b0471",
        "sha256:64cbadf7a884b299794238bc4391752130e74f71e919993b50c1c431786ef2a2",
        "sha256:6de85748ea39ce819ad6d90e660da43964457a1f5cd25262e962a7c7c87945b3",
        "sha256:6f95b4794bd84f64aeca25087d8e3abc416aad76842afcac34fa6c3a6f61c62e",
        "sha256:778fa184aa3079fa3cbd240e2f5b36771c3382db26bc7bf78aea9d06212c6c66",
        "sha256:790a9c5e2dbdf6c41eec9776ed663e99bd36c1604e3bf2e8ae3b123181bfee9f",
        "sha256:7d97c1aec0b68b4ea5e3c9edb9fc3f951e8a52360f4bad3aacab9a77defe5b17",
        "sha256:93cefddcc0b541d3c52981a232947bf085a38092b0812317f1adb56f02869bcb",
        "sha256:95e49867ac616ec63ecd69ea005e65e4b896a48b8db7f9f3ad69f37be29324b7",
        "sha256:aca423563eafba66a7c15125391b267befd1e45238de5e1a119ae1fb4ea83b5c",
        "sha256:baef7c35e7fce738d9637e9c7a6aa79cb79085e4de49c2ec517ce19239a660f6",
        "sha256:c10ccf0797ffce85e93a40aff3a96a3adb63c734f95b59384a7c9522ed25c9e2",
        "sha256:ca39704a05bba1886c384a4d7944fda72c53fe5e61979cd933d22084678ad4c1",
        "sha256:f6e96d5eee578187f5b7e9266bf646b73de29e2dd7adca8bd83e383680ce1f4c",
        "sha256:fc6524511fa664cb4e91401229eedd0dad4ba6ded9c4423fee2f698d78908d9c",
        "sha256:fdf2e7e5f074495ad6ea796ca0d245aa6a8b9e4c546ffbf8d30aaaee6601af0f"
      ],
      "version": "==5.0a6"
    },
    "entrypoints": {
      "hashes": [
        "sha256:589f874b313739ad35be6e0cd7efde2a4e9b6fea91edcc34e58ecbb8dbe56d19",
        "sha256:c70dd71abe5a8c85e55e12c19bd91ccfeec11a6e99044204511f9ed547d48451"
      ],
      "version": "==0.3"
    },
    "flake8": {
      "hashes": [
        "sha256:19241c1cbc971b9962473e4438a2ca19749a7dd002dd1a946eaba171b4114548",
        "sha256:8e9dfa3cecb2400b3738a42c54c3043e821682b9c840b0448c0503f781130696"
      ],
      "index": "pypi",
      "version": "==3.7.8"
    },
    "identify": {
      "hashes": [
        "sha256:4f1fe9a59df4e80fcb0213086fcf502bc1765a01ea4fe8be48da3b65afd2a017",
        "sha256:d8919589bd2a5f99c66302fec0ef9027b12ae150b0b0213999ad3f695fc7296e"
      ],
      "version": "==1.4.7"
    },
    "importlib-metadata": {
      "hashes": [
        "sha256:9ff1b1c5a354142de080b8a4e9803e5d0d59283c93aed808617c787d16768375",
        "sha256:b7143592e374e50584564794fcb8aaf00a23025f9db866627f89a21491847a8d"
      ],
      "version": "==0.20"
    },
    "importlib-resources": {
      "hashes": [
        "sha256:6e2783b2538bd5a14678284a3962b0660c715e5a0f10243fd5e00a4b5974f50b",
        "sha256:d3279fd0f6f847cced9f7acc19bd3e5df54d34f93a2e7bb5f238f81545787078"
      ],
      "markers": "python_version < '3.7'",
      "version": "==1.0.2"
    },
    "mccabe": {
      "hashes": [
        "sha256:ab8a6258860da4b6677da4bd2fe5dc2c659cff31b3ee4f7f5d64e79735b80d42",
        "sha256:dd8d182285a0fe56bace7f45b5e7d1a6ebcbf524e8f3bd87eb0f125271b8831f"
      ],
      "version": "==0.6.1"
    },
    "mock": {
      "hashes": [
        "sha256:83657d894c90d5681d62155c82bda9c1187827525880eda8ff5df4ec813437c3",
        "sha256:d157e52d4e5b938c550f39eb2fd15610db062441a9c2747d3dbfa9298211d0f8"
      ],
      "index": "pypi",
      "version": "==3.0.5"
    },
    "more-itertools": {
      "hashes": [
        "sha256:409cd48d4db7052af495b09dec721011634af3753ae1ef92d2b32f73a745f832",
        "sha256:92b8c4b06dac4f0611c0729b2f2ede52b2e1bac1ab48f089c7ddc12e26bb60c4"
      ],
      "version": "==7.2.0"
    },
    "nodeenv": {
      "hashes": [
        "sha256:ad8259494cf1c9034539f6cced78a1da4840a4b157e23640bc4a0c0546b0cb7a"
      ],
      "version": "==1.3.3"
    },
    "packaging": {
      "hashes": [
        "sha256:a7ac867b97fdc07ee80a8058fe4435ccd274ecc3b0ed61d852d7d53055528cf9",
        "sha256:c491ca87294da7cc01902edbe30a5bc6c4c28172b5138ab4e4aa1b9d7bfaeafe"
      ],
      "version": "==19.1"
    },
    "pluggy": {
      "hashes": [
        "sha256:0825a152ac059776623854c1543d65a4ad408eb3d33ee114dff91e57ec6ae6fc",
        "sha256:b9817417e95936bf75d85d3f8767f7df6cdde751fc40aed3bb3074cbcb77757c"
      ],
      "version": "==0.12.0"
    },
    "pre-commit": {
      "hashes": [
        "sha256:1d3c0587bda7c4e537a46c27f2c84aa006acc18facf9970bf947df596ce91f3f",
        "sha256:fa78ff96e8e9ac94c748388597693f18b041a181c94a4f039ad20f45287ba44a"
      ],
      "index": "pypi",
      "version": "==1.18.3"
    },
    "py": {
      "hashes": [
        "sha256:64f65755aee5b381cea27766a3a147c3f15b9b6b9ac88676de66ba2ae36793fa",
        "sha256:dc639b046a6e2cff5bbe40194ad65936d6ba360b52b3c3fe1d08a82dd50b5e53"
      ],
      "version": "==1.8.0"
    },
    "pycodestyle": {
      "hashes": [
        "sha256:95a2219d12372f05704562a14ec30bc76b05a5b297b21a5dfe3f6fac3491ae56",
        "sha256:e40a936c9a450ad81df37f549d676d127b1b66000a6c500caa2b085bc0ca976c"
      ],
      "version": "==2.5.0"
    },
    "pyflakes": {
      "hashes": [
        "sha256:17dbeb2e3f4d772725c777fabc446d5634d1038f234e77343108ce445ea69ce0",
        "sha256:d976835886f8c5b31d47970ed689944a0262b5f3afa00a5a7b4dc81e5449f8a2"
      ],
      "version": "==2.1.1"
    },
    "pyparsing": {
      "hashes": [
        "sha256:6f98a7b9397e206d78cc01df10131398f1c8b8510a2f4d97d9abd82e1aacdd80",
        "sha256:d9338df12903bbf5d65a0e4e87c2161968b10d2e489652bb47001d82a9b028b4"
      ],
      "version": "==2.4.2"
    },
    "pytest": {
      "hashes": [
        "sha256:6ef6d06de77ce2961156013e9dff62f1b2688aa04d0dc244299fe7d67e09370d",
        "sha256:a736fed91c12681a7b34617c8fcefe39ea04599ca72c608751c31d89579a3f77"
      ],
      "index": "pypi",
      "version": "==5.0.1"
    },
    "pytest-cov": {
      "hashes": [
        "sha256:2b097cde81a302e1047331b48cadacf23577e431b61e9c6f49a1170bbe3d3da6",
        "sha256:e00ea4fdde970725482f1f35630d12f074e121a23801aabf2ae154ec6bdd343a"
      ],
      "index": "pypi",
      "version": "==2.7.1"
    },
    "pytest-mock": {
      "hashes": [
        "sha256:43ce4e9dd5074993e7c021bb1c22cbb5363e612a2b5a76bc6d956775b10758b7",
        "sha256:5bf5771b1db93beac965a7347dc81c675ec4090cb841e49d9d34637a25c30568"
      ],
      "index": "pypi",
      "version": "==1.10.4"
    },
    "pyyaml": {
      "hashes": [
        "sha256:0113bc0ec2ad727182326b61326afa3d1d8280ae1122493553fd6f4397f33df9",
        "sha256:01adf0b6c6f61bd11af6e10ca52b7d4057dd0be0343eb9283c878cf3af56aee4",
        "sha256:5124373960b0b3f4aa7df1707e63e9f109b5263eca5976c66e08b1c552d4eaf8",
        "sha256:5ca4f10adbddae56d824b2c09668e91219bb178a1eee1faa56af6f99f11bf696",
        "sha256:7907be34ffa3c5a32b60b95f4d95ea25361c951383a894fec31be7252b2b6f34",
        "sha256:7ec9b2a4ed5cad025c2278a1e6a19c011c80a3caaac804fd2d329e9cc2c287c9",
        "sha256:87ae4c829bb25b9fe99cf71fbb2140c448f534e24c998cc60f39ae4f94396a73",
        "sha256:9de9919becc9cc2ff03637872a440195ac4241c80536632fffeb6a1e25a74299",
        "sha256:a5a85b10e450c66b49f98846937e8cfca1db3127a9d5d1e31ca45c3d0bef4c5b",
        "sha256:b0997827b4f6a7c286c01c5f60384d218dca4ed7d9efa945c3e1aa623d5709ae",
        "sha256:b631ef96d3222e62861443cc89d6563ba3eeb816eeb96b2629345ab795e53681",
        "sha256:bf47c0607522fdbca6c9e817a6e81b08491de50f3766a7a0e6a5be7905961b41",
        "sha256:f81025eddd0327c7d4cfe9b62cf33190e1e736cc6e97502b3ec425f574b3e7a8"
      ],
      "version": "==5.1.2"
    },
    "six": {
      "hashes": [
        "sha256:3350809f0555b11f552448330d0b52d5f24c91a322ea4a15ef22629740f3761c",
        "sha256:d16a0141ec1a18405cd4ce8b4613101da75da0e9a7aec5bdd4fa804d0e0eba73"
      ],
      "version": "==1.12.0"
    },
    "toml": {
      "hashes": [
        "sha256:229f81c57791a41d65e399fc06bf0848bab550a9dfd5ed66df18ce5f05e73d5c",
        "sha256:235682dd292d5899d361a811df37e04a8828a5b1da3115886b73cf81ebc9100e"
      ],
      "version": "==0.10.0"
    },
    "virtualenv": {
      "hashes": [
        "sha256:680af46846662bb38c5504b78bad9ed9e4f3ba2d54f54ba42494fdf94337fe30",
        "sha256:f78d81b62d3147396ac33fc9d77579ddc42cc2a98dd9ea38886f616b33bc7fb2"
      ],
      "version": "==16.7.5"
    },
    "wcwidth": {
      "hashes": [
        "sha256:3df37372226d6e63e1b1e1eda15c594bca98a22d33a23832a90998faa96bc65e",
        "sha256:f4ebe71925af7b40a864553f761ed559b43544f8f71746c2d756c7fe788ade7c"
      ],
      "version": "==0.1.7"
    },
    "zipp": {
      "hashes": [
        "sha256:3718b1cbcd963c7d4c5511a8240812904164b7f381b647143a89d3b98f9bcd8e",
        "sha256:f06903e9f1f43b12d371004b4ac7b06ab39a44adc747266928ae6debfa7b3335"
      ],
      "version": "==0.6.0"
    }
  }
}
